// !$*UTF8*$!
{
	archiveVersion = 1;
	classes = {
	};
	objectVersion = 50;
	objects = {

/* Begin PBXBuildFile section */
		7CD4BF7720E25F7800B959FB /* AppDelegate.m in Sources */ = {isa = PBXBuildFile; fileRef = 7CD4BF7620E25F7800B959FB /* AppDelegate.m */; };
		7CD4BF7A20E25F7800B959FB /* ViewController.m in Sources */ = {isa = PBXBuildFile; fileRef = 7CD4BF7920E25F7800B959FB /* ViewController.m */; };
		7CD4BF7C20E25F7A00B959FB /* Assets.xcassets in Resources */ = {isa = PBXBuildFile; fileRef = 7CD4BF7B20E25F7A00B959FB /* Assets.xcassets */; };
		7CD4BF7F20E25F7A00B959FB /* Main.storyboard in Resources */ = {isa = PBXBuildFile; fileRef = 7CD4BF7D20E25F7A00B959FB /* Main.storyboard */; };
		7CD4BF8220E25F7A00B959FB /* main.m in Sources */ = {isa = PBXBuildFile; fileRef = 7CD4BF8120E25F7A00B959FB /* main.m */; };
/* End PBXBuildFile section */

/* Begin PBXFileReference section */
		7CD4BF7220E25F7800B959FB /* Chuckles.app */ = {isa = PBXFileReference; explicitFileType = wrapper.application; includeInIndex = 0; path = Chuckles.app; sourceTree = BUILT_PRODUCTS_DIR; };
		7CD4BF7520E25F7800B959FB /* AppDelegate.h */ = {isa = PBXFileReference; lastKnownFileType = sourcecode.c.h; path = AppDelegate.h; sourceTree = "<group>"; };
		7CD4BF7620E25F7800B959FB /* AppDelegate.m */ = {isa = PBXFileReference; lastKnownFileType = sourcecode.c.objc; path = AppDelegate.m; sourceTree = "<group>"; };
		7CD4BF7820E25F7800B959FB /* ViewController.h */ = {isa = PBXFileReference; lastKnownFileType = sourcecode.c.h; path = ViewController.h; sourceTree = "<group>"; };
		7CD4BF7920E25F7800B959FB /* ViewController.m */ = {isa = PBXFileReference; lastKnownFileType = sourcecode.c.objc; path = ViewController.m; sourceTree = "<group>"; };
		7CD4BF7B20E25F7A00B959FB /* Assets.xcassets */ = {isa = PBXFileReference; lastKnownFileType = folder.assetcatalog; path = Assets.xcassets; sourceTree = "<group>"; };
		7CD4BF7E20E25F7A00B959FB /* Base */ = {isa = PBXFileReference; lastKnownFileType = file.storyboard; name = Base; path = Base.lproj/Main.storyboard; sourceTree = "<group>"; };
		7CD4BF8020E25F7A00B959FB /* Info.plist */ = {isa = PBXFileReference; lastKnownFileType = text.plist.xml; path = Info.plist; sourceTree = "<group>"; };
		7CD4BF8120E25F7A00B959FB /* main.m */ = {isa = PBXFileReference; lastKnownFileType = sourcecode.c.objc; path = main.m; sourceTree = "<group>"; };
		7CD4BF8320E25F7A00B959FB /* Chuckles.entitlements */ = {isa = PBXFileReference; lastKnownFileType = text.plist.entitlements; path = Chuckles.entitlements; sourceTree = "<group>"; };
/* End PBXFileReference section */

/* Begin PBXFrameworksBuildPhase section */
		7CD4BF6F20E25F7800B959FB /* Frameworks */ = {
			isa = PBXFrameworksBuildPhase;
			buildActionMask = 2147483647;
			files = (
			);
			runOnlyForDeploymentPostprocessing = 0;
		};
/* End PBXFrameworksBuildPhase section */

/* Begin PBXGroup section */
		7CD4BF6920E25F7800B959FB = {
			isa = PBXGroup;
			children = (
				7CD4BF7420E25F7800B959FB /* Chuckles */,
				7CD4BF7320E25F7800B959FB /* Products */,
			);
			sourceTree = "<group>";
		};
		7CD4BF7320E25F7800B959FB /* Products */ = {
			isa = PBXGroup;
			children = (
				7CD4BF7220E25F7800B959FB /* Chuckles.app */,
			);
			name = Products;
			sourceTree = "<group>";
		};
		7CD4BF7420E25F7800B959FB /* Chuckles */ = {
			isa = PBXGroup;
			children = (
				7CD4BF7520E25F7800B959FB /* AppDelegate.h */,
				7CD4BF7620E25F7800B959FB /* AppDelegate.m */,
				7CD4BF7820E25F7800B959FB /* ViewController.h */,
				7CD4BF7920E25F7800B959FB /* ViewController.m */,
				7CD4BF7B20E25F7A00B959FB /* Assets.xcassets */,
				7CD4BF7D20E25F7A00B959FB /* Main.storyboard */,
				7CD4BF8020E25F7A00B959FB /* Info.plist */,
				7CD4BF8120E25F7A00B959FB /* main.m */,
				7CD4BF8320E25F7A00B959FB /* Chuckles.entitlements */,
			);
			path = Chuckles;
			sourceTree = "<group>";
		};
/* End PBXGroup section */

/* Begin PBXNativeTarget section */
		7CD4BF7120E25F7800B959FB /* Chuckles */ = {
			isa = PBXNativeTarget;
			buildConfigurationList = 7CD4BF8620E25F7A00B959FB /* Build configuration list for PBXNativeTarget "Chuckles" */;
			buildPhases = (
				7CD4BF6E20E25F7800B959FB /* Sources */,
				7CD4BF6F20E25F7800B959FB /* Frameworks */,
				7CD4BF7020E25F7800B959FB /* Resources */,
			);
			buildRules = (
			);
			dependencies = (
			);
			name = Chuckles;
			productName = Chuckles;
			productReference = 7CD4BF7220E25F7800B959FB /* Chuckles.app */;
			productType = "com.apple.product-type.application";
		};
/* End PBXNativeTarget section */

/* Begin PBXProject section */
		7CD4BF6A20E25F7800B959FB /* Project object */ = {
			isa = PBXProject;
			attributes = {
				LastUpgradeCheck = 1000;
				ORGANIZATIONNAME = "Zetetic, LLC";
				TargetAttributes = {
					7CD4BF7120E25F7800B959FB = {
						CreatedOnToolsVersion = 10.0;
					};
				};
			};
			buildConfigurationList = 7CD4BF6D20E25F7800B959FB /* Build configuration list for PBXProject "Chuckles" */;
			compatibilityVersion = "Xcode 9.3";
			developmentRegion = en;
			hasScannedForEncodings = 0;
			knownRegions = (
				en,
				Base,
			);
			mainGroup = 7CD4BF6920E25F7800B959FB;
			productRefGroup = 7CD4BF7320E25F7800B959FB /* Products */;
			projectDirPath = "";
			projectRoot = "";
			targets = (
				7CD4BF7120E25F7800B959FB /* Chuckles */,
			);
		};
/* End PBXProject section */

/* Begin PBXResourcesBuildPhase section */
		7CD4BF7020E25F7800B959FB /* Resources */ = {
			isa = PBXResourcesBuildPhase;
			buildActionMask = 2147483647;
			files = (
				7CD4BF7C20E25F7A00B959FB /* Assets.xcassets in Resources */,
				7CD4BF7F20E25F7A00B959FB /* Main.storyboard in Resources */,
			);
			runOnlyForDeploymentPostprocessing = 0;
		};
/* End PBXResourcesBuildPhase section */

/* Begin PBXSourcesBuildPhase section */
		7CD4BF6E20E25F7800B959FB /* Sources */ = {
			isa = PBXSourcesBuildPhase;
			buildActionMask = 2147483647;
			files = (
				7CD4BF7A20E25F7800B959FB /* ViewController.m in Sources */,
				7CD4BF8220E25F7A00B959FB /* main.m in Sources */,
				7CD4BF7720E25F7800B959FB /* AppDelegate.m in Sources */,
			);
			runOnlyForDeploymentPostprocessing = 0;
		};
/* End PBXSourcesBuildPhase section */

/* Begin PBXVariantGroup section */
		7CD4BF7D20E25F7A00B959FB /* Main.storyboard */ = {
			isa = PBXVariantGroup;
			children = (
				7CD4BF7E20E25F7A00B959FB /* Base */,
			);
			name = Main.storyboard;
			sourceTree = "<group>";
		};
/* End PBXVariantGroup section */

/* Begin XCBuildConfiguration section */
		7CD4BF8420E25F7A00B959FB /* Debug */ = {
			isa = XCBuildConfiguration;
			buildSettings = {
				ALWAYS_SEARCH_USER_PATHS = NO;
				CLANG_ANALYZER_NONNULL = YES;
				CLANG_ANALYZER_NUMBER_OBJECT_CONVERSION = YES_AGGRESSIVE;
				CLANG_CXX_LANGUAGE_STANDARD = "gnu++14";
				CLANG_CXX_LIBRARY = "libc++";
				CLANG_ENABLE_MODULES = YES;
				CLANG_ENABLE_OBJC_ARC = YES;
				CLANG_ENABLE_OBJC_WEAK = YES;
				CLANG_WARN_BLOCK_CAPTURE_AUTORELEASING = YES;
				CLANG_WARN_BOOL_CONVERSION = YES;
				CLANG_WARN_COMMA = YES;
				CLANG_WARN_CONSTANT_CONVERSION = YES;
				CLANG_WARN_DEPRECATED_OBJC_IMPLEMENTATIONS = YES;
				CLANG_WARN_DIRECT_OBJC_ISA_USAGE = YES_ERROR;
				CLANG_WARN_DOCUMENTATION_COMMENTS = YES;
				CLANG_WARN_EMPTY_BODY = YES;
				CLANG_WARN_ENUM_CONVERSION = YES;
				CLANG_WARN_INFINITE_RECURSION = YES;
				CLANG_WARN_INT_CONVERSION = YES;
				CLANG_WARN_NON_LITERAL_NULL_CONVERSION = YES;
				CLANG_WARN_OBJC_IMPLICIT_RETAIN_SELF = YES;
				CLANG_WARN_OBJC_LITERAL_CONVERSION = YES;
				CLANG_WARN_OBJC_ROOT_CLASS = YES_ERROR;
				CLANG_WARN_RANGE_LOOP_ANALYSIS = YES;
				CLANG_WARN_STRICT_PROTOTYPES = YES;
				CLANG_WARN_SUSPICIOUS_MOVE = YES;
				CLANG_WARN_UNGUARDED_AVAILABILITY = YES_AGGRESSIVE;
				CLANG_WARN_UNREACHABLE_CODE = YES;
				CLANG_WARN__DUPLICATE_METHOD_MATCH = YES;
				CODE_SIGN_IDENTITY = "-";
				COPY_PHASE_STRIP = NO;
				DEBUG_INFORMATION_FORMAT = dwarf;
				ENABLE_STRICT_OBJC_MSGSEND = YES;
				ENABLE_TESTABILITY = YES;
				GCC_C_LANGUAGE_STANDARD = gnu11;
				GCC_DYNAMIC_NO_PIC = NO;
				GCC_NO_COMMON_BLOCKS = YES;
				GCC_OPTIMIZATION_LEVEL = 0;
				GCC_PREPROCESSOR_DEFINITIONS = (
					"DEBUG=1",
					"$(inherited)",
				);
				GCC_WARN_64_TO_32_BIT_CONVERSION = YES;
				GCC_WARN_ABOUT_RETURN_TYPE = YES_ERROR;
				GCC_WARN_UNDECLARED_SELECTOR = YES;
				GCC_WARN_UNINITIALIZED_AUTOS = YES_AGGRESSIVE;
				GCC_WARN_UNUSED_FUNCTION = YES;
				GCC_WARN_UNUSED_VARIABLE = YES;
				MACOSX_DEPLOYMENT_TARGET = 10.14;
				MTL_ENABLE_DEBUG_INFO = INCLUDE_SOURCE;
				ONLY_ACTIVE_ARCH = YES;
				SDKROOT = macosx;
			};
			name = Debug;
		};
		7CD4BF8520E25F7A00B959FB /* Release */ = {
			isa = XCBuildConfiguration;
			buildSettings = {
				ALWAYS_SEARCH_USER_PATHS = NO;
				CLANG_ANALYZER_NONNULL = YES;
				CLANG_ANALYZER_NUMBER_OBJECT_CONVERSION = YES_AGGRESSIVE;
				CLANG_CXX_LANGUAGE_STANDARD = "gnu++14";
				CLANG_CXX_LIBRARY = "libc++";
				CLANG_ENABLE_MODULES = YES;
				CLANG_ENABLE_OBJC_ARC = YES;
				CLANG_ENABLE_OBJC_WEAK = YES;
				CLANG_WARN_BLOCK_CAPTURE_AUTORELEASING = YES;
				CLANG_WARN_BOOL_CONVERSION = YES;
				CLANG_WARN_COMMA = YES;
				CLANG_WARN_CONSTANT_CONVERSION = YES;
				CLANG_WARN_DEPRECATED_OBJC_IMPLEMENTATIONS = YES;
				CLANG_WARN_DIRECT_OBJC_ISA_USAGE = YES_ERROR;
				CLANG_WARN_DOCUMENTATION_COMMENTS = YES;
				CLANG_WARN_EMPTY_BODY = YES;
				CLANG_WARN_ENUM_CONVERSION = YES;
				CLANG_WARN_INFINITE_RECURSION = YES;
				CLANG_WARN_INT_CONVERSION = YES;
				CLANG_WARN_NON_LITERAL_NULL_CONVERSION = YES;
				CLANG_WARN_OBJC_IMPLICIT_RETAIN_SELF = YES;
				CLANG_WARN_OBJC_LITERAL_CONVERSION = YES;
				CLANG_WARN_OBJC_ROOT_CLASS = YES_ERROR;
				CLANG_WARN_RANGE_LOOP_ANALYSIS = YES;
				CLANG_WARN_STRICT_PROTOTYPES = YES;
				CLANG_WARN_SUSPICIOUS_MOVE = YES;
				CLANG_WARN_UNGUARDED_AVAILABILITY = YES_AGGRESSIVE;
				CLANG_WARN_UNREACHABLE_CODE = YES;
				CLANG_WARN__DUPLICATE_METHOD_MATCH = YES;
				CODE_SIGN_IDENTITY = "-";
				COPY_PHASE_STRIP = NO;
				DEBUG_INFORMATION_FORMAT = "dwarf-with-dsym";
				ENABLE_NS_ASSERTIONS = NO;
				ENABLE_STRICT_OBJC_MSGSEND = YES;
				GCC_C_LANGUAGE_STANDARD = gnu11;
				GCC_NO_COMMON_BLOCKS = YES;
				GCC_WARN_64_TO_32_BIT_CONVERSION = YES;
				GCC_WARN_ABOUT_RETURN_TYPE = YES_ERROR;
				GCC_WARN_UNDECLARED_SELECTOR = YES;
				GCC_WARN_UNINITIALIZED_AUTOS = YES_AGGRESSIVE;
				GCC_WARN_UNUSED_FUNCTION = YES;
				GCC_WARN_UNUSED_VARIABLE = YES;
				MACOSX_DEPLOYMENT_TARGET = 10.14;
				MTL_ENABLE_DEBUG_INFO = NO;
				SDKROOT = macosx;
			};
			name = Release;
		};
		7CD4BF8720E25F7A00B959FB /* Debug */ = {
			isa = XCBuildConfiguration;
			buildSettings = {
				ASSETCATALOG_COMPILER_APPICON_NAME = AppIcon;
				CODE_SIGN_ENTITLEMENTS = Chuckles/Chuckles.entitlements;
				CODE_SIGN_STYLE = Automatic;
				COMBINE_HIDPI_IMAGES = YES;
				INFOPLIST_FILE = Chuckles/Info.plist;
				LD_RUNPATH_SEARCH_PATHS = (
					"$(inherited)",
					"@executable_path/../Frameworks",
				);
				PRODUCT_BUNDLE_IDENTIFIER = net.zetetic.Chuckles;
				PRODUCT_NAME = "$(TARGET_NAME)";
			};
			name = Debug;
		};
		7CD4BF8820E25F7A00B959FB /* Release */ = {
			isa = XCBuildConfiguration;
			buildSettings = {
				ASSETCATALOG_COMPILER_APPICON_NAME = AppIcon;
				CODE_SIGN_ENTITLEMENTS = Chuckles/Chuckles.entitlements;
				CODE_SIGN_STYLE = Automatic;
				COMBINE_HIDPI_IMAGES = YES;
				INFOPLIST_FILE = Chuckles/Info.plist;
				LD_RUNPATH_SEARCH_PATHS = (
					"$(inherited)",
					"@executable_path/../Frameworks",
				);
				PRODUCT_BUNDLE_IDENTIFIER = net.zetetic.Chuckles;
				PRODUCT_NAME = "$(TARGET_NAME)";
			};
			name = Release;
		};
/* End XCBuildConfiguration section */

/* Begin XCConfigurationList section */
		7CD4BF6D20E25F7800B959FB /* Build configuration list for PBXProject "Chuckles" */ = {
			isa = XCConfigurationList;
			buildConfigurations = (
				7CD4BF8420E25F7A00B959FB /* Debug */,
				7CD4BF8520E25F7A00B959FB /* Release */,
			);
			defaultConfigurationIsVisible = 0;
			defaultConfigurationName = Release;
		};
		7CD4BF8620E25F7A00B959FB /* Build configuration list for PBXNativeTarget "Chuckles" */ = {
			isa = XCConfigurationList;
			buildConfigurations = (
				7CD4BF8720E25F7A00B959FB /* Debug */,
				7CD4BF8820E25F7A00B959FB /* Release */,
			);
			defaultConfigurationIsVisible = 0;
			defaultConfigurationName = Release;
		};
/* End XCConfigurationList section */
	};
	rootObject = 7CD4BF6A20E25F7800B959FB /* Project object */;
}
